{
  "version": 4,
  "terraform_version": "1.1.9",
  "serial": 13,
  "lineage": "9727eb8d-6c0d-e2ae-8fdf-91600999d55f",
  "outputs": {
    "RgName": {
      "value": "TerraformExModulesRG",
      "type": "string"
    },
    "stgActName": {
      "value": "terraformstgx9coxe",
      "type": "string"
    }
  },
  "resources": [
    {
      "module": "module.ResourceGroup",
      "mode": "managed",
      "type": "azurerm_resource_group",
      "name": "module_rg",
      "provider": "provider[\"registry.terraform.io/hashicorp/azurerm\"]",
      "instances": [
        {
          "schema_version": 0,
          "attributes": {
            "id": "/subscriptions/5cecbbaa-a38e-4827-8324-30600cfe4b44/resourceGroups/TerraformExModulesRG",
            "location": "centralindia",
            "name": "TerraformExModulesRG",
            "tags": null,
            "timeouts": null
          },
          "sensitive_attributes": [],
          "private": "eyJlMmJmYjczMC1lY2FhLTExZTYtOGY4OC0zNDM2M2JjN2M0YzAiOnsiY3JlYXRlIjo1NDAwMDAwMDAwMDAwLCJkZWxldGUiOjU0MDAwMDAwMDAwMDAsInJlYWQiOjMwMDAwMDAwMDAwMCwidXBkYXRlIjo1NDAwMDAwMDAwMDAwfX0="
        }
      ]
    },
    {
      "module": "module.StgAccount",
      "mode": "managed",
      "type": "azurerm_storage_account",
      "name": "storaccountmodule",
      "provider": "provider[\"registry.terraform.io/hashicorp/azurerm\"]",
      "instances": [
        {
          "schema_version": 2,
          "attributes": {
            "access_tier": "Hot",
            "account_kind": "StorageV2",
            "account_replication_type": "LRS",
            "account_tier": "Standard",
            "allow_blob_public_access": false,
            "azure_files_authentication": [],
            "blob_properties": [
              {
                "change_feed_enabled": false,
                "container_delete_retention_policy": [],
                "cors_rule": [],
                "default_service_version": "",
                "delete_retention_policy": [],
                "last_access_time_enabled": false,
                "versioning_enabled": false
              }
            ],
            "custom_domain": [],
            "enable_https_traffic_only": true,
            "id": "/subscriptions/5cecbbaa-a38e-4827-8324-30600cfe4b44/resourceGroups/TerraformExModulesRG/providers/Microsoft.Storage/storageAccounts/terraformstgx9coxe",
            "identity": [],
            "is_hns_enabled": false,
            "large_file_share_enabled": null,
            "location": "centralindia",
            "min_tls_version": "TLS1_0",
            "name": "terraformstgx9coxe",
            "network_rules": [
              {
                "bypass": [
                  "AzureServices"
                ],
                "default_action": "Allow",
                "ip_rules": [],
                "private_link_access": [],
                "virtual_network_subnet_ids": []
              }
            ],
            "nfsv3_enabled": false,
            "primary_access_key": "QX145QMy7PQ8paA3qH9Mtd39sx+sj1H4hSOGXf3MdLFoWxgbSKZKvaEw/ZZeyXVwMIKXYHT2Lo++89zBDZyR/Q==",
            "primary_blob_connection_string": "DefaultEndpointsProtocol=https;BlobEndpoint=https://terraformstgx9coxe.blob.core.windows.net/;AccountName=terraformstgx9coxe;AccountKey=QX145QMy7PQ8paA3qH9Mtd39sx+sj1H4hSOGXf3MdLFoWxgbSKZKvaEw/ZZeyXVwMIKXYHT2Lo++89zBDZyR/Q==",
            "primary_blob_endpoint": "https://terraformstgx9coxe.blob.core.windows.net/",
            "primary_blob_host": "terraformstgx9coxe.blob.core.windows.net",
            "primary_connection_string": "DefaultEndpointsProtocol=https;AccountName=terraformstgx9coxe;AccountKey=QX145QMy7PQ8paA3qH9Mtd39sx+sj1H4hSOGXf3MdLFoWxgbSKZKvaEw/ZZeyXVwMIKXYHT2Lo++89zBDZyR/Q==;EndpointSuffix=core.windows.net",
            "primary_dfs_endpoint": "https://terraformstgx9coxe.dfs.core.windows.net/",
            "primary_dfs_host": "terraformstgx9coxe.dfs.core.windows.net",
            "primary_file_endpoint": "https://terraformstgx9coxe.file.core.windows.net/",
            "primary_file_host": "terraformstgx9coxe.file.core.windows.net",
            "primary_location": "centralindia",
            "primary_queue_endpoint": "https://terraformstgx9coxe.queue.core.windows.net/",
            "primary_queue_host": "terraformstgx9coxe.queue.core.windows.net",
            "primary_table_endpoint": "https://terraformstgx9coxe.table.core.windows.net/",
            "primary_table_host": "terraformstgx9coxe.table.core.windows.net",
            "primary_web_endpoint": "https://terraformstgx9coxe.z29.web.core.windows.net/",
            "primary_web_host": "terraformstgx9coxe.z29.web.core.windows.net",
            "queue_properties": [
              {
                "cors_rule": [],
                "hour_metrics": [
                  {
                    "enabled": true,
                    "include_apis": true,
                    "retention_policy_days": 7,
                    "version": "1.0"
                  }
                ],
                "logging": [
                  {
                    "delete": false,
                    "read": false,
                    "retention_policy_days": 0,
                    "version": "1.0",
                    "write": false
                  }
                ],
                "minute_metrics": [
                  {
                    "enabled": false,
                    "include_apis": false,
                    "retention_policy_days": 0,
                    "version": "1.0"
                  }
                ]
              }
            ],
            "resource_group_name": "TerraformExModulesRG",
            "routing": [],
            "secondary_access_key": "HDP5cYMgTMjaZAHuVxbvZOinQWZdMNc2qrN1KJd4PFTaf3TMZhpi0nn8zDgEnX6Io2MmL+COxOGgnDXDaE2eRg==",
            "secondary_blob_connection_string": "",
            "secondary_blob_endpoint": null,
            "secondary_blob_host": null,
            "secondary_connection_string": "DefaultEndpointsProtocol=https;AccountName=terraformstgx9coxe;AccountKey=HDP5cYMgTMjaZAHuVxbvZOinQWZdMNc2qrN1KJd4PFTaf3TMZhpi0nn8zDgEnX6Io2MmL+COxOGgnDXDaE2eRg==;EndpointSuffix=core.windows.net",
            "secondary_dfs_endpoint": null,
            "secondary_dfs_host": null,
            "secondary_file_endpoint": null,
            "secondary_file_host": null,
            "secondary_location": "",
            "secondary_queue_endpoint": null,
            "secondary_queue_host": null,
            "secondary_table_endpoint": null,
            "secondary_table_host": null,
            "secondary_web_endpoint": null,
            "secondary_web_host": null,
            "static_website": [],
            "tags": null,
            "timeouts": null
          },
          "sensitive_attributes": [],
          "private": "eyJlMmJmYjczMC1lY2FhLTExZTYtOGY4OC0zNDM2M2JjN2M0YzAiOnsiY3JlYXRlIjozNjAwMDAwMDAwMDAwLCJkZWxldGUiOjM2MDAwMDAwMDAwMDAsInJlYWQiOjMwMDAwMDAwMDAwMCwidXBkYXRlIjozNjAwMDAwMDAwMDAwfSwic2NoZW1hX3ZlcnNpb24iOiIyIn0=",
          "dependencies": [
            "module.ResourceGroup.azurerm_resource_group.module_rg",
            "module.StgAccount.random_string.random"
          ]
        }
      ]
    },
    {
      "module": "module.StgAccount",
      "mode": "managed",
      "type": "random_string",
      "name": "random",
      "provider": "provider[\"registry.terraform.io/hashicorp/random\"]",
      "instances": [
        {
          "schema_version": 1,
          "attributes": {
            "id": "x9coxe",
            "keepers": null,
            "length": 6,
            "lower": true,
            "min_lower": 0,
            "min_numeric": 0,
            "min_special": 0,
            "min_upper": 0,
            "number": true,
            "override_special": null,
            "result": "x9coxe",
            "special": false,
            "upper": false
          },
          "sensitive_attributes": [],
          "private": "eyJzY2hlbWFfdmVyc2lvbiI6IjEifQ=="
        }
      ]
    }
  ]
}
