{
  "version": 4,
  "terraform_version": "1.1.9",
  "serial": 11,
  "lineage": "18cadc34-6be3-4d22-ee2b-cae3e24f9090",
  "outputs": {
    "azure_subnet_id": {
      "value": {
        "bastion_subnet": "/subscriptions/5cecbbaa-a38e-4827-8324-30600cfe4b44/resourceGroups/TestPractice/providers/Microsoft.Network/virtualNetworks/VNetTest/subnets/AzureBastionSubnet",
        "subnet_1": "/subscriptions/5cecbbaa-a38e-4827-8324-30600cfe4b44/resourceGroups/TestPractice/providers/Microsoft.Network/virtualNetworks/VNetTest/subnets/subnet_1",
        "subnet_2": "/subscriptions/5cecbbaa-a38e-4827-8324-30600cfe4b44/resourceGroups/TestPractice/providers/Microsoft.Network/virtualNetworks/VNetTest/subnets/subnet_2",
        "subnet_3": "/subscriptions/5cecbbaa-a38e-4827-8324-30600cfe4b44/resourceGroups/TestPractice/providers/Microsoft.Network/virtualNetworks/VNetTest/subnets/subnet_3"
      },
      "type": [
        "object",
        {
          "bastion_subnet": "string",
          "subnet_1": "string",
          "subnet_2": "string",
          "subnet_3": "string"
        }
      ]
    },
    "bastion_pubip": {
      "value": "20.207.83.103",
      "type": "string"
    }
  },
  "resources": [
    {
      "mode": "managed",
      "type": "azurerm_bastion_host",
      "name": "bastion",
      "provider": "provider[\"registry.terraform.io/hashicorp/azurerm\"]",
      "instances": [
        {
          "schema_version": 0,
          "attributes": {
            "dns_name": "bst-0eb01cf8-b054-4a6a-b170-8528b2de9f2c.bastion.azure.com",
            "id": "/subscriptions/5cecbbaa-a38e-4827-8324-30600cfe4b44/resourceGroups/TestPractice/providers/Microsoft.Network/bastionHosts/BastionHost",
            "ip_configuration": [
              {
                "name": "bastion_config",
                "public_ip_address_id": "/subscriptions/5cecbbaa-a38e-4827-8324-30600cfe4b44/resourceGroups/TestPractice/providers/Microsoft.Network/publicIPAddresses/BastionHostPubIP",
                "subnet_id": "/subscriptions/5cecbbaa-a38e-4827-8324-30600cfe4b44/resourceGroups/TestPractice/providers/Microsoft.Network/virtualNetworks/VNetTest/subnets/AzureBastionSubnet"
              }
            ],
            "location": "centralindia",
            "name": "BastionHost",
            "resource_group_name": "TestPractice",
            "tags": {
              "Environment": "Lab",
              "Owner": "Shlagha"
            },
            "timeouts": null
          },
          "sensitive_attributes": [],
          "private": "eyJlMmJmYjczMC1lY2FhLTExZTYtOGY4OC0zNDM2M2JjN2M0YzAiOnsiY3JlYXRlIjoxODAwMDAwMDAwMDAwLCJkZWxldGUiOjE4MDAwMDAwMDAwMDAsInJlYWQiOjMwMDAwMDAwMDAwMCwidXBkYXRlIjoxODAwMDAwMDAwMDAwfX0=",
          "dependencies": [
            "azurerm_public_ip.bastion_pubip",
            "azurerm_resource_group.web_server_rg",
            "azurerm_subnet.subnet",
            "azurerm_virtual_network.web-server-vnet"
          ]
        }
      ]
    },
    {
      "mode": "managed",
      "type": "azurerm_public_ip",
      "name": "bastion_pubip",
      "provider": "provider[\"registry.terraform.io/hashicorp/azurerm\"]",
      "instances": [
        {
          "schema_version": 0,
          "attributes": {
            "allocation_method": "Static",
            "availability_zone": "Zone-Redundant",
            "domain_name_label": null,
            "fqdn": null,
            "id": "/subscriptions/5cecbbaa-a38e-4827-8324-30600cfe4b44/resourceGroups/TestPractice/providers/Microsoft.Network/publicIPAddresses/BastionHostPubIP",
            "idle_timeout_in_minutes": 4,
            "ip_address": "20.207.83.103",
            "ip_tags": null,
            "ip_version": "IPv4",
            "location": "centralindia",
            "name": "BastionHostPubIP",
            "public_ip_prefix_id": null,
            "resource_group_name": "TestPractice",
            "reverse_fqdn": null,
            "sku": "Standard",
            "tags": {
              "Environment": "Lab",
              "Owner": "Shlagha"
            },
            "timeouts": null,
            "zones": []
          },
          "sensitive_attributes": [],
          "private": "eyJlMmJmYjczMC1lY2FhLTExZTYtOGY4OC0zNDM2M2JjN2M0YzAiOnsiY3JlYXRlIjoxODAwMDAwMDAwMDAwLCJkZWxldGUiOjE4MDAwMDAwMDAwMDAsInJlYWQiOjMwMDAwMDAwMDAwMCwidXBkYXRlIjoxODAwMDAwMDAwMDAwfX0=",
          "dependencies": [
            "azurerm_resource_group.web_server_rg"
          ]
        }
      ]
    },
    {
      "mode": "managed",
      "type": "azurerm_resource_group",
      "name": "web_server_rg",
      "provider": "provider[\"registry.terraform.io/hashicorp/azurerm\"]",
      "instances": [
        {
          "schema_version": 0,
          "attributes": {
            "id": "/subscriptions/5cecbbaa-a38e-4827-8324-30600cfe4b44/resourceGroups/TestPractice",
            "location": "centralindia",
            "name": "TestPractice",
            "tags": {
              "Environment": "Lab",
              "Owner": "Shlagha"
            },
            "timeouts": null
          },
          "sensitive_attributes": [],
          "private": "eyJlMmJmYjczMC1lY2FhLTExZTYtOGY4OC0zNDM2M2JjN2M0YzAiOnsiY3JlYXRlIjo1NDAwMDAwMDAwMDAwLCJkZWxldGUiOjU0MDAwMDAwMDAwMDAsInJlYWQiOjMwMDAwMDAwMDAwMCwidXBkYXRlIjo1NDAwMDAwMDAwMDAwfX0="
        }
      ]
    },
    {
      "mode": "managed",
      "type": "azurerm_storage_account",
      "name": "storaccount",
      "provider": "provider[\"registry.terraform.io/hashicorp/azurerm\"]",
      "instances": [
        {
          "schema_version": 2,
          "attributes": {
            "access_tier": "Hot",
            "account_kind": "StorageV2",
            "account_replication_type": "LRS",
            "account_tier": "Standard",
            "allow_blob_public_access": false,
            "azure_files_authentication": [],
            "blob_properties": [
              {
                "change_feed_enabled": false,
                "container_delete_retention_policy": [],
                "cors_rule": [],
                "default_service_version": "",
                "delete_retention_policy": [],
                "last_access_time_enabled": false,
                "versioning_enabled": false
              }
            ],
            "custom_domain": [],
            "enable_https_traffic_only": true,
            "id": "/subscriptions/5cecbbaa-a38e-4827-8324-30600cfe4b44/resourceGroups/TestPractice/providers/Microsoft.Storage/storageAccounts/tfstatestoraccount",
            "identity": [],
            "is_hns_enabled": false,
            "large_file_share_enabled": null,
            "location": "centralindia",
            "min_tls_version": "TLS1_0",
            "name": "tfstatestoraccount",
            "network_rules": [
              {
                "bypass": [
                  "AzureServices"
                ],
                "default_action": "Allow",
                "ip_rules": [],
                "private_link_access": [],
                "virtual_network_subnet_ids": []
              }
            ],
            "nfsv3_enabled": false,
            "primary_access_key": "vFDd3YOA0wyHTzD3f+23gfe5T4t6n1yY7CBY4tksM8AyyISq0HPhO6He4PN8Gu/2e4gmlcyBs6U8MzEoGnJziw==",
            "primary_blob_connection_string": "DefaultEndpointsProtocol=https;BlobEndpoint=https://tfstatestoraccount.blob.core.windows.net/;AccountName=tfstatestoraccount;AccountKey=vFDd3YOA0wyHTzD3f+23gfe5T4t6n1yY7CBY4tksM8AyyISq0HPhO6He4PN8Gu/2e4gmlcyBs6U8MzEoGnJziw==",
            "primary_blob_endpoint": "https://tfstatestoraccount.blob.core.windows.net/",
            "primary_blob_host": "tfstatestoraccount.blob.core.windows.net",
            "primary_connection_string": "DefaultEndpointsProtocol=https;AccountName=tfstatestoraccount;AccountKey=vFDd3YOA0wyHTzD3f+23gfe5T4t6n1yY7CBY4tksM8AyyISq0HPhO6He4PN8Gu/2e4gmlcyBs6U8MzEoGnJziw==;EndpointSuffix=core.windows.net",
            "primary_dfs_endpoint": "https://tfstatestoraccount.dfs.core.windows.net/",
            "primary_dfs_host": "tfstatestoraccount.dfs.core.windows.net",
            "primary_file_endpoint": "https://tfstatestoraccount.file.core.windows.net/",
            "primary_file_host": "tfstatestoraccount.file.core.windows.net",
            "primary_location": "centralindia",
            "primary_queue_endpoint": "https://tfstatestoraccount.queue.core.windows.net/",
            "primary_queue_host": "tfstatestoraccount.queue.core.windows.net",
            "primary_table_endpoint": "https://tfstatestoraccount.table.core.windows.net/",
            "primary_table_host": "tfstatestoraccount.table.core.windows.net",
            "primary_web_endpoint": "https://tfstatestoraccount.z29.web.core.windows.net/",
            "primary_web_host": "tfstatestoraccount.z29.web.core.windows.net",
            "queue_properties": [
              {
                "cors_rule": [],
                "hour_metrics": [
                  {
                    "enabled": true,
                    "include_apis": true,
                    "retention_policy_days": 7,
                    "version": "1.0"
                  }
                ],
                "logging": [
                  {
                    "delete": false,
                    "read": false,
                    "retention_policy_days": 0,
                    "version": "1.0",
                    "write": false
                  }
                ],
                "minute_metrics": [
                  {
                    "enabled": false,
                    "include_apis": false,
                    "retention_policy_days": 0,
                    "version": "1.0"
                  }
                ]
              }
            ],
            "resource_group_name": "TestPractice",
            "routing": [],
            "secondary_access_key": "bpffLOA5bQof+asUEb7CW46Fo5waTJg6JpPrtUewj+4lB5K0mig0WohlMl6YK+EqJYPYrueE07UdvoHm3z+2wA==",
            "secondary_blob_connection_string": "",
            "secondary_blob_endpoint": null,
            "secondary_blob_host": null,
            "secondary_connection_string": "DefaultEndpointsProtocol=https;AccountName=tfstatestoraccount;AccountKey=bpffLOA5bQof+asUEb7CW46Fo5waTJg6JpPrtUewj+4lB5K0mig0WohlMl6YK+EqJYPYrueE07UdvoHm3z+2wA==;EndpointSuffix=core.windows.net",
            "secondary_dfs_endpoint": null,
            "secondary_dfs_host": null,
            "secondary_file_endpoint": null,
            "secondary_file_host": null,
            "secondary_location": "",
            "secondary_queue_endpoint": null,
            "secondary_queue_host": null,
            "secondary_table_endpoint": null,
            "secondary_table_host": null,
            "secondary_web_endpoint": null,
            "secondary_web_host": null,
            "static_website": [],
            "tags": {
              "Environment": "Lab",
              "Owner": "Shlagha"
            },
            "timeouts": null
          },
          "sensitive_attributes": [],
          "private": "eyJlMmJmYjczMC1lY2FhLTExZTYtOGY4OC0zNDM2M2JjN2M0YzAiOnsiY3JlYXRlIjozNjAwMDAwMDAwMDAwLCJkZWxldGUiOjM2MDAwMDAwMDAwMDAsInJlYWQiOjMwMDAwMDAwMDAwMCwidXBkYXRlIjozNjAwMDAwMDAwMDAwfSwic2NoZW1hX3ZlcnNpb24iOiIyIn0=",
          "dependencies": [
            "azurerm_resource_group.web_server_rg"
          ]
        }
      ]
    },
    {
      "mode": "managed",
      "type": "azurerm_storage_container",
      "name": "blobcontainer",
      "provider": "provider[\"registry.terraform.io/hashicorp/azurerm\"]",
      "instances": [
        {
          "schema_version": 1,
          "attributes": {
            "container_access_type": "private",
            "has_immutability_policy": false,
            "has_legal_hold": false,
            "id": "https://tfstatestoraccount.blob.core.windows.net/vhds",
            "metadata": {},
            "name": "vhds",
            "resource_manager_id": "/subscriptions/5cecbbaa-a38e-4827-8324-30600cfe4b44/resourceGroups/TestPractice/providers/Microsoft.Storage/storageAccounts/tfstatestoraccount/blobServices/default/containers/vhds",
            "storage_account_name": "tfstatestoraccount",
            "timeouts": null
          },
          "sensitive_attributes": [],
          "private": "eyJlMmJmYjczMC1lY2FhLTExZTYtOGY4OC0zNDM2M2JjN2M0YzAiOnsiY3JlYXRlIjoxODAwMDAwMDAwMDAwLCJkZWxldGUiOjE4MDAwMDAwMDAwMDAsInJlYWQiOjMwMDAwMDAwMDAwMCwidXBkYXRlIjoxODAwMDAwMDAwMDAwfSwic2NoZW1hX3ZlcnNpb24iOiIxIn0=",
          "dependencies": [
            "azurerm_resource_group.web_server_rg",
            "azurerm_storage_account.storaccount"
          ]
        }
      ]
    },
    {
      "mode": "managed",
      "type": "azurerm_subnet",
      "name": "subnet",
      "provider": "provider[\"registry.terraform.io/hashicorp/azurerm\"]",
      "instances": [
        {
          "index_key": "bastion_subnet",
          "schema_version": 0,
          "attributes": {
            "address_prefix": "10.13.250.0/24",
            "address_prefixes": [
              "10.13.250.0/24"
            ],
            "delegation": [],
            "enforce_private_link_endpoint_network_policies": false,
            "enforce_private_link_service_network_policies": false,
            "id": "/subscriptions/5cecbbaa-a38e-4827-8324-30600cfe4b44/resourceGroups/TestPractice/providers/Microsoft.Network/virtualNetworks/VNetTest/subnets/AzureBastionSubnet",
            "name": "AzureBastionSubnet",
            "resource_group_name": "TestPractice",
            "service_endpoint_policy_ids": null,
            "service_endpoints": null,
            "timeouts": null,
            "virtual_network_name": "VNetTest"
          },
          "sensitive_attributes": [],
          "private": "eyJlMmJmYjczMC1lY2FhLTExZTYtOGY4OC0zNDM2M2JjN2M0YzAiOnsiY3JlYXRlIjoxODAwMDAwMDAwMDAwLCJkZWxldGUiOjE4MDAwMDAwMDAwMDAsInJlYWQiOjMwMDAwMDAwMDAwMCwidXBkYXRlIjoxODAwMDAwMDAwMDAwfX0=",
          "dependencies": [
            "azurerm_resource_group.web_server_rg",
            "azurerm_virtual_network.web-server-vnet"
          ]
        },
        {
          "index_key": "subnet_1",
          "schema_version": 0,
          "attributes": {
            "address_prefix": "10.13.1.0/24",
            "address_prefixes": [
              "10.13.1.0/24"
            ],
            "delegation": [],
            "enforce_private_link_endpoint_network_policies": false,
            "enforce_private_link_service_network_policies": false,
            "id": "/subscriptions/5cecbbaa-a38e-4827-8324-30600cfe4b44/resourceGroups/TestPractice/providers/Microsoft.Network/virtualNetworks/VNetTest/subnets/subnet_1",
            "name": "subnet_1",
            "resource_group_name": "TestPractice",
            "service_endpoint_policy_ids": null,
            "service_endpoints": null,
            "timeouts": null,
            "virtual_network_name": "VNetTest"
          },
          "sensitive_attributes": [],
          "private": "eyJlMmJmYjczMC1lY2FhLTExZTYtOGY4OC0zNDM2M2JjN2M0YzAiOnsiY3JlYXRlIjoxODAwMDAwMDAwMDAwLCJkZWxldGUiOjE4MDAwMDAwMDAwMDAsInJlYWQiOjMwMDAwMDAwMDAwMCwidXBkYXRlIjoxODAwMDAwMDAwMDAwfX0=",
          "dependencies": [
            "azurerm_resource_group.web_server_rg",
            "azurerm_virtual_network.web-server-vnet"
          ]
        },
        {
          "index_key": "subnet_2",
          "schema_version": 0,
          "attributes": {
            "address_prefix": "10.13.2.0/24",
            "address_prefixes": [
              "10.13.2.0/24"
            ],
            "delegation": [],
            "enforce_private_link_endpoint_network_policies": false,
            "enforce_private_link_service_network_policies": false,
            "id": "/subscriptions/5cecbbaa-a38e-4827-8324-30600cfe4b44/resourceGroups/TestPractice/providers/Microsoft.Network/virtualNetworks/VNetTest/subnets/subnet_2",
            "name": "subnet_2",
            "resource_group_name": "TestPractice",
            "service_endpoint_policy_ids": null,
            "service_endpoints": null,
            "timeouts": null,
            "virtual_network_name": "VNetTest"
          },
          "sensitive_attributes": [],
          "private": "eyJlMmJmYjczMC1lY2FhLTExZTYtOGY4OC0zNDM2M2JjN2M0YzAiOnsiY3JlYXRlIjoxODAwMDAwMDAwMDAwLCJkZWxldGUiOjE4MDAwMDAwMDAwMDAsInJlYWQiOjMwMDAwMDAwMDAwMCwidXBkYXRlIjoxODAwMDAwMDAwMDAwfX0=",
          "dependencies": [
            "azurerm_resource_group.web_server_rg",
            "azurerm_virtual_network.web-server-vnet"
          ]
        },
        {
          "index_key": "subnet_3",
          "schema_version": 0,
          "attributes": {
            "address_prefix": "10.13.3.0/24",
            "address_prefixes": [
              "10.13.3.0/24"
            ],
            "delegation": [],
            "enforce_private_link_endpoint_network_policies": false,
            "enforce_private_link_service_network_policies": false,
            "id": "/subscriptions/5cecbbaa-a38e-4827-8324-30600cfe4b44/resourceGroups/TestPractice/providers/Microsoft.Network/virtualNetworks/VNetTest/subnets/subnet_3",
            "name": "subnet_3",
            "resource_group_name": "TestPractice",
            "service_endpoint_policy_ids": null,
            "service_endpoints": null,
            "timeouts": null,
            "virtual_network_name": "VNetTest"
          },
          "sensitive_attributes": [],
          "private": "eyJlMmJmYjczMC1lY2FhLTExZTYtOGY4OC0zNDM2M2JjN2M0YzAiOnsiY3JlYXRlIjoxODAwMDAwMDAwMDAwLCJkZWxldGUiOjE4MDAwMDAwMDAwMDAsInJlYWQiOjMwMDAwMDAwMDAwMCwidXBkYXRlIjoxODAwMDAwMDAwMDAwfX0=",
          "dependencies": [
            "azurerm_resource_group.web_server_rg",
            "azurerm_virtual_network.web-server-vnet"
          ]
        }
      ]
    },
    {
      "mode": "managed",
      "type": "azurerm_virtual_network",
      "name": "web-server-vnet",
      "provider": "provider[\"registry.terraform.io/hashicorp/azurerm\"]",
      "instances": [
        {
          "schema_version": 0,
          "attributes": {
            "address_space": [
              "10.13.0.0/16"
            ],
            "bgp_community": "",
            "ddos_protection_plan": [],
            "dns_servers": null,
            "guid": "4b807bbb-bfbb-47e1-8afe-a542772c161b",
            "id": "/subscriptions/5cecbbaa-a38e-4827-8324-30600cfe4b44/resourceGroups/TestPractice/providers/Microsoft.Network/virtualNetworks/VNetTest",
            "location": "centralindia",
            "name": "VNetTest",
            "resource_group_name": "TestPractice",
            "subnet": [],
            "tags": {
              "Environment": "Lab",
              "Owner": "Shlagha"
            },
            "timeouts": null,
            "vm_protection_enabled": false
          },
          "sensitive_attributes": [],
          "private": "eyJlMmJmYjczMC1lY2FhLTExZTYtOGY4OC0zNDM2M2JjN2M0YzAiOnsiY3JlYXRlIjoxODAwMDAwMDAwMDAwLCJkZWxldGUiOjE4MDAwMDAwMDAwMDAsInJlYWQiOjMwMDAwMDAwMDAwMCwidXBkYXRlIjoxODAwMDAwMDAwMDAwfX0=",
          "dependencies": [
            "azurerm_resource_group.web_server_rg"
          ]
        }
      ]
    }
  ]
}
